
Microsoft Visual Studio Solution File, Format Version 12.00
# Visual Studio 15
VisualStudioVersion = 15.0.28307.102
MinimumVisualStudioVersion = 10.0.40219.1
Project("{FAE04EC0-301F-11D3-BF4B-00C04F79EFBC}") = "p5template", "p5template\p5template.csproj", "{F75DC0FE-8BAA-475B-9CC0-7F7CC445F8F4}"
EndProject
Global
	GlobalSection(SolutionConfigurationPlatforms) = preSolution
		Debug|Any CPU = Debug|Any CPU
		Release|Any CPU = Release|Any CPU
	EndGlobalSection
	GlobalSection(ProjectConfigurationPlatforms) = postSolution
		{F75DC0FE-8BAA-475B-9CC0-7F7CC445F8F4}.Debug|Any CPU.ActiveCfg = Debug|Any CPU
		{F75DC0FE-8BAA-475B-9CC0-7F7CC445F8F4}.Debug|Any CPU.Build.0 = Debug|Any CPU
		{F75DC0FE-8BAA-475B-9CC0-7F7CC445F8F4}.Release|Any CPU.ActiveCfg = Release|Any CPU
		{F75DC0FE-8BAA-475B-9CC0-7F7CC445F8F4}.Release|Any CPU.Build.0 = Release|Any CPU
	EndGlobalSection
	GlobalSection(SolutionProperties) = preSolution
		HideSolutionNode = FALSE
	EndGlobalSection
	GlobalSection(ExtensibilityGlobals) = postSolution
		SolutionGuid = {7DEDFF66-6C99-4A3A-9E4B-1C907545EF24}
	EndGlobalSection
EndGlobal
